{
  "requires": true,
  "lockfileVersion": 1,
  "dependencies": {
    "@andreyrabtsevich/cwp-22-1": {
      "version": "1.0.0",
      "resolved": "https://registry.npmjs.org/@andreyrabtsevich/cwp-22-1/-/cwp-22-1-1.0.0.tgz",
      "integrity": "sha512-9gn7DK0wfckoihQ+7eq0Bm2qHLpc64ymKOQ/dl3LiQCFBLQLaMysKo2XQvQnyj7SIzbQpRL+Q4EM7cpBmPVnxg=="
    }
  }
}
